
Microsoft Visual Studio Solution File, Format Version 12.00
# Visual Studio Version 16
VisualStudioVersion = 16.0.30204.135
MinimumVisualStudioVersion = 10.0.40219.1
Project("{FAE04EC0-301F-11D3-BF4B-00C04F79EFBC}") = "VisualStudioDemo", "VisualStudioDemo\VisualStudioDemo.csproj", "{EA4E8D51-B9BE-4BF6-9151-7B2FD705FF86}"
EndProject
Global
	GlobalSection(SolutionConfigurationPlatforms) = preSolution
		Debug|Any CPU = Debug|Any CPU
		Release|Any CPU = Release|Any CPU
	EndGlobalSection
	GlobalSection(ProjectConfigurationPlatforms) = postSolution
		{EA4E8D51-B9BE-4BF6-9151-7B2FD705FF86}.Debug|Any CPU.ActiveCfg = Debug|Any CPU
		{EA4E8D51-B9BE-4BF6-9151-7B2FD705FF86}.Debug|Any CPU.Build.0 = Debug|Any CPU
		{EA4E8D51-B9BE-4BF6-9151-7B2FD705FF86}.Release|Any CPU.ActiveCfg = Release|Any CPU
		{EA4E8D51-B9BE-4BF6-9151-7B2FD705FF86}.Release|Any CPU.Build.0 = Release|Any CPU
	EndGlobalSection
	GlobalSection(SolutionProperties) = preSolution
		HideSolutionNode = FALSE
	EndGlobalSection
	GlobalSection(ExtensibilityGlobals) = postSolution
		SolutionGuid = {BF5E0A07-E770-4E14-8C4B-D020203D6FA8}
	EndGlobalSection
EndGlobal
